
Microsoft Visual Studio Solution File, Format Version 12.00
# Visual Studio 15
VisualStudioVersion = 15.0.28307.168
MinimumVisualStudioVersion = 10.0.40219.1
Project("{FAE04EC0-301F-11D3-BF4B-00C04F79EFBC}") = "projekt", "projekt\projekt.csproj", "{A76E6D5F-B91C-4A6A-B15F-AA510E017C9B}"
EndProject
Global
	GlobalSection(SolutionConfigurationPlatforms) = preSolution
		Debug|Any CPU = Debug|Any CPU
		Release|Any CPU = Release|Any CPU
	EndGlobalSection
	GlobalSection(ProjectConfigurationPlatforms) = postSolution
		{A76E6D5F-B91C-4A6A-B15F-AA510E017C9B}.Debug|Any CPU.ActiveCfg = Debug|Any CPU
		{A76E6D5F-B91C-4A6A-B15F-AA510E017C9B}.Debug|Any CPU.Build.0 = Debug|Any CPU
		{A76E6D5F-B91C-4A6A-B15F-AA510E017C9B}.Release|Any CPU.ActiveCfg = Release|Any CPU
		{A76E6D5F-B91C-4A6A-B15F-AA510E017C9B}.Release|Any CPU.Build.0 = Release|Any CPU
	EndGlobalSection
	GlobalSection(SolutionProperties) = preSolution
		HideSolutionNode = FALSE
	EndGlobalSection
	GlobalSection(ExtensibilityGlobals) = postSolution
		SolutionGuid = {E66A271C-D3DB-46AB-B8FB-7EECEC0AC2FA}
	EndGlobalSection
EndGlobal
